
Microsoft Visual Studio Solution File, Format Version 12.00
# Visual Studio Version 16
VisualStudioVersion = 16.0.29920.165
MinimumVisualStudioVersion = 10.0.40219.1
Project("{FAE04EC0-301F-11D3-BF4B-00C04F79EFBC}") = "code.zmz", "code.zmz\code.zmz.csproj", "{B717D4E9-6AE3-4039-A591-D60D34E38D27}"
EndProject
Global
	GlobalSection(SolutionConfigurationPlatforms) = preSolution
		Debug|Any CPU = Debug|Any CPU
		Release|Any CPU = Release|Any CPU
	EndGlobalSection
	GlobalSection(ProjectConfigurationPlatforms) = postSolution
		{B717D4E9-6AE3-4039-A591-D60D34E38D27}.Debug|Any CPU.ActiveCfg = Debug|Any CPU
		{B717D4E9-6AE3-4039-A591-D60D34E38D27}.Debug|Any CPU.Build.0 = Debug|Any CPU
		{B717D4E9-6AE3-4039-A591-D60D34E38D27}.Release|Any CPU.ActiveCfg = Release|Any CPU
		{B717D4E9-6AE3-4039-A591-D60D34E38D27}.Release|Any CPU.Build.0 = Release|Any CPU
	EndGlobalSection
	GlobalSection(SolutionProperties) = preSolution
		HideSolutionNode = FALSE
	EndGlobalSection
	GlobalSection(ExtensibilityGlobals) = postSolution
		SolutionGuid = {16722F03-1240-4097-9BE4-DF367E9331AF}
	EndGlobalSection
EndGlobal
